// !$*UTF8*$!
{
	archiveVersion = 1;
	classes = {
	};
	objectVersion = 55;
	objects = {

/* Begin PBXBuildFile section */
		7C17D4952721851F0097DB8D /* T0DoTableViewController.swift in Sources */ = {isa = PBXBuildFile; fileRef = 7C17D4942721851F0097DB8D /* T0DoTableViewController.swift */; };
		7C17D4972721853E0097DB8D /* T0DoTableViewCell.swift in Sources */ = {isa = PBXBuildFile; fileRef = 7C17D4962721853E0097DB8D /* T0DoTableViewCell.swift */; };
		7C17D499272188ED0097DB8D /* JobToDo.swift in Sources */ = {isa = PBXBuildFile; fileRef = 7C17D498272188ED0097DB8D /* JobToDo.swift */; };
		7C17D49D2721A0760097DB8D /* JobViewController.swift in Sources */ = {isa = PBXBuildFile; fileRef = 7C17D49C2721A0760097DB8D /* JobViewController.swift */; };
		7C9B10792718319800C9AFE1 /* AppDelegate.swift in Sources */ = {isa = PBXBuildFile; fileRef = 7C9B10782718319800C9AFE1 /* AppDelegate.swift */; };
		7C9B107B2718319800C9AFE1 /* SceneDelegate.swift in Sources */ = {isa = PBXBuildFile; fileRef = 7C9B107A2718319800C9AFE1 /* SceneDelegate.swift */; };
		7C9B10802718319800C9AFE1 /* Main.storyboard in Resources */ = {isa = PBXBuildFile; fileRef = 7C9B107E2718319800C9AFE1 /* Main.storyboard */; };
		7C9B10822718319B00C9AFE1 /* Assets.xcassets in Resources */ = {isa = PBXBuildFile; fileRef = 7C9B10812718319B00C9AFE1 /* Assets.xcassets */; };
		7C9B10852718319B00C9AFE1 /* LaunchScreen.storyboard in Resources */ = {isa = PBXBuildFile; fileRef = 7C9B10832718319B00C9AFE1 /* LaunchScreen.storyboard */; };
/* End PBXBuildFile section */

/* Begin PBXFileReference section */
		7C17D4942721851F0097DB8D /* T0DoTableViewController.swift */ = {isa = PBXFileReference; lastKnownFileType = sourcecode.swift; path = T0DoTableViewController.swift; sourceTree = "<group>"; };
		7C17D4962721853E0097DB8D /* T0DoTableViewCell.swift */ = {isa = PBXFileReference; lastKnownFileType = sourcecode.swift; path = T0DoTableViewCell.swift; sourceTree = "<group>"; };
		7C17D498272188ED0097DB8D /* JobToDo.swift */ = {isa = PBXFileReference; lastKnownFileType = sourcecode.swift; path = JobToDo.swift; sourceTree = "<group>"; };
		7C17D49C2721A0760097DB8D /* JobViewController.swift */ = {isa = PBXFileReference; lastKnownFileType = sourcecode.swift; path = JobViewController.swift; sourceTree = "<group>"; };
		7C9B10752718319800C9AFE1 /* T0Do.app */ = {isa = PBXFileReference; explicitFileType = wrapper.application; includeInIndex = 0; path = T0Do.app; sourceTree = BUILT_PRODUCTS_DIR; };
		7C9B10782718319800C9AFE1 /* AppDelegate.swift */ = {isa = PBXFileReference; lastKnownFileType = sourcecode.swift; path = AppDelegate.swift; sourceTree = "<group>"; };
		7C9B107A2718319800C9AFE1 /* SceneDelegate.swift */ = {isa = PBXFileReference; lastKnownFileType = sourcecode.swift; path = SceneDelegate.swift; sourceTree = "<group>"; };
		7C9B107F2718319800C9AFE1 /* Base */ = {isa = PBXFileReference; lastKnownFileType = file.storyboard; name = Base; path = Base.lproj/Main.storyboard; sourceTree = "<group>"; };
		7C9B10812718319B00C9AFE1 /* Assets.xcassets */ = {isa = PBXFileReference; lastKnownFileType = folder.assetcatalog; path = Assets.xcassets; sourceTree = "<group>"; };
		7C9B10842718319B00C9AFE1 /* Base */ = {isa = PBXFileReference; lastKnownFileType = file.storyboard; name = Base; path = Base.lproj/LaunchScreen.storyboard; sourceTree = "<group>"; };
		7C9B10862718319B00C9AFE1 /* Info.plist */ = {isa = PBXFileReference; lastKnownFileType = text.plist.xml; path = Info.plist; sourceTree = "<group>"; };
/* End PBXFileReference section */

/* Begin PBXFrameworksBuildPhase section */
		7C9B10722718319800C9AFE1 /* Frameworks */ = {
			isa = PBXFrameworksBuildPhase;
			buildActionMask = 2147483647;
			files = (
			);
			runOnlyForDeploymentPostprocessing = 0;
		};
/* End PBXFrameworksBuildPhase section */

/* Begin PBXGroup section */
		7C9B106C2718319800C9AFE1 = {
			isa = PBXGroup;
			children = (
				7C9B10772718319800C9AFE1 /* T0Do */,
				7C9B10762718319800C9AFE1 /* Products */,
			);
			sourceTree = "<group>";
		};
		7C9B10762718319800C9AFE1 /* Products */ = {
			isa = PBXGroup;
			children = (
				7C9B10752718319800C9AFE1 /* T0Do.app */,
			);
			name = Products;
			sourceTree = "<group>";
		};
		7C9B10772718319800C9AFE1 /* T0Do */ = {
			isa = PBXGroup;
			children = (
				7C9B10782718319800C9AFE1 /* AppDelegate.swift */,
				7C9B107A2718319800C9AFE1 /* SceneDelegate.swift */,
				7C9B107E2718319800C9AFE1 /* Main.storyboard */,
				7C17D49C2721A0760097DB8D /* JobViewController.swift */,
				7C17D4942721851F0097DB8D /* T0DoTableViewController.swift */,
				7C17D4962721853E0097DB8D /* T0DoTableViewCell.swift */,
				7C17D498272188ED0097DB8D /* JobToDo.swift */,
				7C9B10812718319B00C9AFE1 /* Assets.xcassets */,
				7C9B10832718319B00C9AFE1 /* LaunchScreen.storyboard */,
				7C9B10862718319B00C9AFE1 /* Info.plist */,
			);
			path = T0Do;
			sourceTree = "<group>";
		};
/* End PBXGroup section */

/* Begin PBXNativeTarget section */
		7C9B10742718319800C9AFE1 /* T0Do */ = {
			isa = PBXNativeTarget;
			buildConfigurationList = 7C9B10892718319B00C9AFE1 /* Build configuration list for PBXNativeTarget "T0Do" */;
			buildPhases = (
				7C9B10712718319800C9AFE1 /* Sources */,
				7C9B10722718319800C9AFE1 /* Frameworks */,
				7C9B10732718319800C9AFE1 /* Resources */,
			);
			buildRules = (
			);
			dependencies = (
			);
			name = T0Do;
			productName = T0Do;
			productReference = 7C9B10752718319800C9AFE1 /* T0Do.app */;
			productType = "com.apple.product-type.application";
		};
/* End PBXNativeTarget section */

/* Begin PBXProject section */
		7C9B106D2718319800C9AFE1 /* Project object */ = {
			isa = PBXProject;
			attributes = {
				BuildIndependentTargetsInParallel = 1;
				LastSwiftUpdateCheck = 1300;
				LastUpgradeCheck = 1300;
				TargetAttributes = {
					7C9B10742718319800C9AFE1 = {
						CreatedOnToolsVersion = 13.0;
					};
				};
			};
			buildConfigurationList = 7C9B10702718319800C9AFE1 /* Build configuration list for PBXProject "T0Do" */;
			compatibilityVersion = "Xcode 13.0";
			developmentRegion = en;
			hasScannedForEncodings = 0;
			knownRegions = (
				en,
				Base,
			);
			mainGroup = 7C9B106C2718319800C9AFE1;
			productRefGroup = 7C9B10762718319800C9AFE1 /* Products */;
			projectDirPath = "";
			projectRoot = "";
			targets = (
				7C9B10742718319800C9AFE1 /* T0Do */,
			);
		};
/* End PBXProject section */

/* Begin PBXResourcesBuildPhase section */
		7C9B10732718319800C9AFE1 /* Resources */ = {
			isa = PBXResourcesBuildPhase;
			buildActionMask = 2147483647;
			files = (
				7C9B10852718319B00C9AFE1 /* LaunchScreen.storyboard in Resources */,
				7C9B10822718319B00C9AFE1 /* Assets.xcassets in Resources */,
				7C9B10802718319800C9AFE1 /* Main.storyboard in Resources */,
			);
			runOnlyForDeploymentPostprocessing = 0;
		};
/* End PBXResourcesBuildPhase section */

/* Begin PBXSourcesBuildPhase section */
		7C9B10712718319800C9AFE1 /* Sources */ = {
			isa = PBXSourcesBuildPhase;
			buildActionMask = 2147483647;
			files = (
				7C17D4972721853E0097DB8D /* T0DoTableViewCell.swift in Sources */,
				7C9B10792718319800C9AFE1 /* AppDelegate.swift in Sources */,
				7C17D49D2721A0760097DB8D /* JobViewController.swift in Sources */,
				7C17D499272188ED0097DB8D /* JobToDo.swift in Sources */,
				7C17D4952721851F0097DB8D /* T0DoTableViewController.swift in Sources */,
				7C9B107B2718319800C9AFE1 /* SceneDelegate.swift in Sources */,
			);
			runOnlyForDeploymentPostprocessing = 0;
		};
/* End PBXSourcesBuildPhase section */

/* Begin PBXVariantGroup section */
		7C9B107E2718319800C9AFE1 /* Main.storyboard */ = {
			isa = PBXVariantGroup;
			children = (
				7C9B107F2718319800C9AFE1 /* Base */,
			);
			name = Main.storyboard;
			sourceTree = "<group>";
		};
		7C9B10832718319B00C9AFE1 /* LaunchScreen.storyboard */ = {
			isa = PBXVariantGroup;
			children = (
				7C9B10842718319B00C9AFE1 /* Base */,
			);
			name = LaunchScreen.storyboard;
			sourceTree = "<group>";
		};
/* End PBXVariantGroup section */

/* Begin XCBuildConfiguration section */
		7C9B10872718319B00C9AFE1 /* Debug */ = {
			isa = XCBuildConfiguration;
			buildSettings = {
				ALWAYS_SEARCH_USER_PATHS = NO;
				CLANG_ANALYZER_NONNULL = YES;
				CLANG_ANALYZER_NUMBER_OBJECT_CONVERSION = YES_AGGRESSIVE;
				CLANG_CXX_LANGUAGE_STANDARD = "gnu++17";
				CLANG_CXX_LIBRARY = "libc++";
				CLANG_ENABLE_MODULES = YES;
				CLANG_ENABLE_OBJC_ARC = YES;
				CLANG_ENABLE_OBJC_WEAK = YES;
				CLANG_WARN_BLOCK_CAPTURE_AUTORELEASING = YES;
				CLANG_WARN_BOOL_CONVERSION = YES;
				CLANG_WARN_COMMA = YES;
				CLANG_WARN_CONSTANT_CONVERSION = YES;
				CLANG_WARN_DEPRECATED_OBJC_IMPLEMENTATIONS = YES;
				CLANG_WARN_DIRECT_OBJC_ISA_USAGE = YES_ERROR;
				CLANG_WARN_DOCUMENTATION_COMMENTS = YES;
				CLANG_WARN_EMPTY_BODY = YES;
				CLANG_WARN_ENUM_CONVERSION = YES;
				CLANG_WARN_INFINITE_RECURSION = YES;
				CLANG_WARN_INT_CONVERSION = YES;
				CLANG_WARN_NON_LITERAL_NULL_CONVERSION = YES;
				CLANG_WARN_OBJC_IMPLICIT_RETAIN_SELF = YES;
				CLANG_WARN_OBJC_LITERAL_CONVERSION = YES;
				CLANG_WARN_OBJC_ROOT_CLASS = YES_ERROR;
				CLANG_WARN_QUOTED_INCLUDE_IN_FRAMEWORK_HEADER = YES;
				CLANG_WARN_RANGE_LOOP_ANALYSIS = YES;
				CLANG_WARN_STRICT_PROTOTYPES = YES;
				CLANG_WARN_SUSPICIOUS_MOVE = YES;
				CLANG_WARN_UNGUARDED_AVAILABILITY = YES_AGGRESSIVE;
				CLANG_WARN_UNREACHABLE_CODE = YES;
				CLANG_WARN__DUPLICATE_METHOD_MATCH = YES;
				COPY_PHASE_STRIP = NO;
				DEBUG_INFORMATION_FORMAT = dwarf;
				ENABLE_STRICT_OBJC_MSGSEND = YES;
				ENABLE_TESTABILITY = YES;
				GCC_C_LANGUAGE_STANDARD = gnu11;
				GCC_DYNAMIC_NO_PIC = NO;
				GCC_NO_COMMON_BLOCKS = YES;
				GCC_OPTIMIZATION_LEVEL = 0;
				GCC_PREPROCESSOR_DEFINITIONS = (
					"DEBUG=1",
					"$(inherited)",
				);
				GCC_WARN_64_TO_32_BIT_CONVERSION = YES;
				GCC_WARN_ABOUT_RETURN_TYPE = YES_ERROR;
				GCC_WARN_UNDECLARED_SELECTOR = YES;
				GCC_WARN_UNINITIALIZED_AUTOS = YES_AGGRESSIVE;
				GCC_WARN_UNUSED_FUNCTION = YES;
				GCC_WARN_UNUSED_VARIABLE = YES;
				IPHONEOS_DEPLOYMENT_TARGET = 15.0;
				MTL_ENABLE_DEBUG_INFO = INCLUDE_SOURCE;
				MTL_FAST_MATH = YES;
				ONLY_ACTIVE_ARCH = YES;
				SDKROOT = iphoneos;
				SWIFT_ACTIVE_COMPILATION_CONDITIONS = DEBUG;
				SWIFT_OPTIMIZATION_LEVEL = "-Onone";
			};
			name = Debug;
		};
		7C9B10882718319B00C9AFE1 /* Release */ = {
			isa = XCBuildConfiguration;
			buildSettings = {
				ALWAYS_SEARCH_USER_PATHS = NO;
				CLANG_ANALYZER_NONNULL = YES;
				CLANG_ANALYZER_NUMBER_OBJECT_CONVERSION = YES_AGGRESSIVE;
				CLANG_CXX_LANGUAGE_STANDARD = "gnu++17";
				CLANG_CXX_LIBRARY = "libc++";
				CLANG_ENABLE_MODULES = YES;
				CLANG_ENABLE_OBJC_ARC = YES;
				CLANG_ENABLE_OBJC_WEAK = YES;
				CLANG_WARN_BLOCK_CAPTURE_AUTORELEASING = YES;
				CLANG_WARN_BOOL_CONVERSION = YES;
				CLANG_WARN_COMMA = YES;
				CLANG_WARN_CONSTANT_CONVERSION = YES;
				CLANG_WARN_DEPRECATED_OBJC_IMPLEMENTATIONS = YES;
				CLANG_WARN_DIRECT_OBJC_ISA_USAGE = YES_ERROR;
				CLANG_WARN_DOCUMENTATION_COMMENTS = YES;
				CLANG_WARN_EMPTY_BODY = YES;
				CLANG_WARN_ENUM_CONVERSION = YES;
				CLANG_WARN_INFINITE_RECURSION = YES;
				CLANG_WARN_INT_CONVERSION = YES;
				CLANG_WARN_NON_LITERAL_NULL_CONVERSION = YES;
				CLANG_WARN_OBJC_IMPLICIT_RETAIN_SELF = YES;
				CLANG_WARN_OBJC_LITERAL_CONVERSION = YES;
				CLANG_WARN_OBJC_ROOT_CLASS = YES_ERROR;
				CLANG_WARN_QUOTED_INCLUDE_IN_FRAMEWORK_HEADER = YES;
				CLANG_WARN_RANGE_LOOP_ANALYSIS = YES;
				CLANG_WARN_STRICT_PROTOTYPES = YES;
				CLANG_WARN_SUSPICIOUS_MOVE = YES;
				CLANG_WARN_UNGUARDED_AVAILABILITY = YES_AGGRESSIVE;
				CLANG_WARN_UNREACHABLE_CODE = YES;
				CLANG_WARN__DUPLICATE_METHOD_MATCH = YES;
				COPY_PHASE_STRIP = NO;
				DEBUG_INFORMATION_FORMAT = "dwarf-with-dsym";
				ENABLE_NS_ASSERTIONS = NO;
				ENABLE_STRICT_OBJC_MSGSEND = YES;
				GCC_C_LANGUAGE_STANDARD = gnu11;
				GCC_NO_COMMON_BLOCKS = YES;
				GCC_WARN_64_TO_32_BIT_CONVERSION = YES;
				GCC_WARN_ABOUT_RETURN_TYPE = YES_ERROR;
				GCC_WARN_UNDECLARED_SELECTOR = YES;
				GCC_WARN_UNINITIALIZED_AUTOS = YES_AGGRESSIVE;
				GCC_WARN_UNUSED_FUNCTION = YES;
				GCC_WARN_UNUSED_VARIABLE = YES;
				IPHONEOS_DEPLOYMENT_TARGET = 15.0;
				MTL_ENABLE_DEBUG_INFO = NO;
				MTL_FAST_MATH = YES;
				SDKROOT = iphoneos;
				SWIFT_COMPILATION_MODE = wholemodule;
				SWIFT_OPTIMIZATION_LEVEL = "-O";
				VALIDATE_PRODUCT = YES;
			};
			name = Release;
		};
		7C9B108A2718319B00C9AFE1 /* Debug */ = {
			isa = XCBuildConfiguration;
			buildSettings = {
				ASSETCATALOG_COMPILER_APPICON_NAME = AppIcon;
				ASSETCATALOG_COMPILER_GLOBAL_ACCENT_COLOR_NAME = AccentColor;
				CODE_SIGN_STYLE = Automatic;
				CURRENT_PROJECT_VERSION = 1;
				GENERATE_INFOPLIST_FILE = YES;
				INFOPLIST_FILE = T0Do/Info.plist;
				INFOPLIST_KEY_UIApplicationSupportsIndirectInputEvents = YES;
				INFOPLIST_KEY_UILaunchStoryboardName = LaunchScreen;
				INFOPLIST_KEY_UIMainStoryboardFile = Main;
				INFOPLIST_KEY_UISupportedInterfaceOrientations = "";
				INFOPLIST_KEY_UISupportedInterfaceOrientations_iPad = "UIInterfaceOrientationPortrait UIInterfaceOrientationPortraitUpsideDown UIInterfaceOrientationLandscapeLeft UIInterfaceOrientationLandscapeRight";
				INFOPLIST_KEY_UISupportedInterfaceOrientations_iPhone = "UIInterfaceOrientationPortrait UIInterfaceOrientationLandscapeLeft UIInterfaceOrientationLandscapeRight";
				LD_RUNPATH_SEARCH_PATHS = (
					"$(inherited)",
					"@executable_path/Frameworks",
				);
				MARKETING_VERSION = 1.0;
				PRODUCT_BUNDLE_IDENTIFIER = syh1en.T0Do;
				PRODUCT_NAME = "$(TARGET_NAME)";
				SWIFT_EMIT_LOC_STRINGS = YES;
				SWIFT_VERSION = 5.0;
				TARGETED_DEVICE_FAMILY = "1,2";
			};
			name = Debug;
		};
		7C9B108B2718319B00C9AFE1 /* Release */ = {
			isa = XCBuildConfiguration;
			buildSettings = {
				ASSETCATALOG_COMPILER_APPICON_NAME = AppIcon;
				ASSETCATALOG_COMPILER_GLOBAL_ACCENT_COLOR_NAME = AccentColor;
				CODE_SIGN_STYLE = Automatic;
				CURRENT_PROJECT_VERSION = 1;
				GENERATE_INFOPLIST_FILE = YES;
				INFOPLIST_FILE = T0Do/Info.plist;
				INFOPLIST_KEY_UIApplicationSupportsIndirectInputEvents = YES;
				INFOPLIST_KEY_UILaunchStoryboardName = LaunchScreen;
				INFOPLIST_KEY_UIMainStoryboardFile = Main;
				INFOPLIST_KEY_UISupportedInterfaceOrientations = "";
				INFOPLIST_KEY_UISupportedInterfaceOrientations_iPad = "UIInterfaceOrientationPortrait UIInterfaceOrientationPortraitUpsideDown UIInterfaceOrientationLandscapeLeft UIInterfaceOrientationLandscapeRight";
				INFOPLIST_KEY_UISupportedInterfaceOrientations_iPhone = "UIInterfaceOrientationPortrait UIInterfaceOrientationLandscapeLeft UIInterfaceOrientationLandscapeRight";
				LD_RUNPATH_SEARCH_PATHS = (
					"$(inherited)",
					"@executable_path/Frameworks",
				);
				MARKETING_VERSION = 1.0;
				PRODUCT_BUNDLE_IDENTIFIER = syh1en.T0Do;
				PRODUCT_NAME = "$(TARGET_NAME)";
				SWIFT_EMIT_LOC_STRINGS = YES;
				SWIFT_VERSION = 5.0;
				TARGETED_DEVICE_FAMILY = "1,2";
			};
			name = Release;
		};
/* End XCBuildConfiguration section */

/* Begin XCConfigurationList section */
		7C9B10702718319800C9AFE1 /* Build configuration list for PBXProject "T0Do" */ = {
			isa = XCConfigurationList;
			buildConfigurations = (
				7C9B10872718319B00C9AFE1 /* Debug */,
				7C9B10882718319B00C9AFE1 /* Release */,
			);
			defaultConfigurationIsVisible = 0;
			defaultConfigurationName = Release;
		};
		7C9B10892718319B00C9AFE1 /* Build configuration list for PBXNativeTarget "T0Do" */ = {
			isa = XCConfigurationList;
			buildConfigurations = (
				7C9B108A2718319B00C9AFE1 /* Debug */,
				7C9B108B2718319B00C9AFE1 /* Release */,
			);
			defaultConfigurationIsVisible = 0;
			defaultConfigurationName = Release;
		};
/* End XCConfigurationList section */
	};
	rootObject = 7C9B106D2718319800C9AFE1 /* Project object */;
}
